
Microsoft Visual Studio Solution File, Format Version 12.00
# Visual Studio Version 17
VisualStudioVersion = 17.11.35327.3
MinimumVisualStudioVersion = 10.0.40219.1
Project("{FAE04EC0-301F-11D3-BF4B-00C04F79EFBC}") = "UITestRESTCarAsync", "UITestRESTCarAsync\UITestRESTCarAsync.csproj", "{A29FCAFF-F07B-4E24-BB57-97906D7F4BBA}"
EndProject
Global
	GlobalSection(SolutionConfigurationPlatforms) = preSolution
		Debug|Any CPU = Debug|Any CPU
		Release|Any CPU = Release|Any CPU
	EndGlobalSection
	GlobalSection(ProjectConfigurationPlatforms) = postSolution
		{A29FCAFF-F07B-4E24-BB57-97906D7F4BBA}.Debug|Any CPU.ActiveCfg = Debug|Any CPU
		{A29FCAFF-F07B-4E24-BB57-97906D7F4BBA}.Debug|Any CPU.Build.0 = Debug|Any CPU
		{A29FCAFF-F07B-4E24-BB57-97906D7F4BBA}.Release|Any CPU.ActiveCfg = Release|Any CPU
		{A29FCAFF-F07B-4E24-BB57-97906D7F4BBA}.Release|Any CPU.Build.0 = Release|Any CPU
	EndGlobalSection
	GlobalSection(SolutionProperties) = preSolution
		HideSolutionNode = FALSE
	EndGlobalSection
	GlobalSection(ExtensibilityGlobals) = postSolution
		SolutionGuid = {A56DA924-E7E7-4554-98E0-206A5755A5A6}
	EndGlobalSection
EndGlobal
